// !$*UTF8*$!
{
	archiveVersion = 1;
	classes = {
	};
	objectVersion = 50;
	objects = {

/* Begin PBXBuildFile section */
		AAF23B822285AF8100667B99 /* AppDelegate.swift in Sources */ = {isa = PBXBuildFile; fileRef = AAF23B812285AF8100667B99 /* AppDelegate.swift */; };
		AAF23B842285AF8100667B99 /* ViewController.swift in Sources */ = {isa = PBXBuildFile; fileRef = AAF23B832285AF8100667B99 /* ViewController.swift */; };
		AAF23B872285AF8100667B99 /* Main.storyboard in Resources */ = {isa = PBXBuildFile; fileRef = AAF23B852285AF8100667B99 /* Main.storyboard */; };
		AAF23B892285AF8100667B99 /* Assets.xcassets in Resources */ = {isa = PBXBuildFile; fileRef = AAF23B882285AF8100667B99 /* Assets.xcassets */; };
		AAF23B8C2285AF8100667B99 /* LaunchScreen.storyboard in Resources */ = {isa = PBXBuildFile; fileRef = AAF23B8A2285AF8100667B99 /* LaunchScreen.storyboard */; };
		AAF23B942285BE5600667B99 /* SelectParametersController.swift in Sources */ = {isa = PBXBuildFile; fileRef = AAF23B932285BE5600667B99 /* SelectParametersController.swift */; };
		AAF23B982285BF8700667B99 /* JSONDecodable.swift in Sources */ = {isa = PBXBuildFile; fileRef = AAF23B972285BF8700667B99 /* JSONDecodable.swift */; };
		AAF23B9A2285BFB200667B99 /* APIClient.swift in Sources */ = {isa = PBXBuildFile; fileRef = AAF23B992285BFB200667B99 /* APIClient.swift */; };
		AAF23B9C2285BFFD00667B99 /* Endpoint.swift in Sources */ = {isa = PBXBuildFile; fileRef = AAF23B9B2285BFFD00667B99 /* Endpoint.swift */; };
		AAF23B9E2285C79C00667B99 /* ImdbClient.swift in Sources */ = {isa = PBXBuildFile; fileRef = AAF23B9D2285C79C00667B99 /* ImdbClient.swift */; };
		AAF23BA12285C8FC00667B99 /* Genre.swift in Sources */ = {isa = PBXBuildFile; fileRef = AAF23BA02285C8FC00667B99 /* Genre.swift */; };
		AAF23BA32285CA6400667B99 /* Result.swift in Sources */ = {isa = PBXBuildFile; fileRef = AAF23BA22285CA6400667B99 /* Result.swift */; };
		AAF23BA62286936800667B99 /* SelectParametersDataSource.swift in Sources */ = {isa = PBXBuildFile; fileRef = AAF23BA52286936800667B99 /* SelectParametersDataSource.swift */; };
		AAF23BA82286B6D100667B99 /* Certification.swift in Sources */ = {isa = PBXBuildFile; fileRef = AAF23BA72286B6D100667B99 /* Certification.swift */; };
		AAF23BAA2286BC5500667B99 /* Item.swift in Sources */ = {isa = PBXBuildFile; fileRef = AAF23BA92286BC5500667B99 /* Item.swift */; };
		AAF23BAD2287F26C00667B99 /* Array+Extension.swift in Sources */ = {isa = PBXBuildFile; fileRef = AAF23BAC2287F26C00667B99 /* Array+Extension.swift */; };
		AAF23BAF2287F95A00667B99 /* Movie.swift in Sources */ = {isa = PBXBuildFile; fileRef = AAF23BAE2287F95A00667B99 /* Movie.swift */; };
		AAF23BB12288065600667B99 /* MovieListController.swift in Sources */ = {isa = PBXBuildFile; fileRef = AAF23BB02288065600667B99 /* MovieListController.swift */; };
		AAF23BB32288068600667B99 /* MovieListDataSource.swift in Sources */ = {isa = PBXBuildFile; fileRef = AAF23BB22288068600667B99 /* MovieListDataSource.swift */; };
		AAF23BB52288169A00667B99 /* PendingOperation.swift in Sources */ = {isa = PBXBuildFile; fileRef = AAF23BB42288169A00667B99 /* PendingOperation.swift */; };
		AAF23BB7228816E700667B99 /* PosterDownloader.swift in Sources */ = {isa = PBXBuildFile; fileRef = AAF23BB6228816E700667B99 /* PosterDownloader.swift */; };
		AAF23BB922881FBC00667B99 /* DetailMovieController.swift in Sources */ = {isa = PBXBuildFile; fileRef = AAF23BB822881FBC00667B99 /* DetailMovieController.swift */; };
		AAF23BBB22883E2B00667B99 /* Actor.swift in Sources */ = {isa = PBXBuildFile; fileRef = AAF23BBA22883E2B00667B99 /* Actor.swift */; };
		AAF23BBE2289605700667B99 /* AlertError.swift in Sources */ = {isa = PBXBuildFile; fileRef = AAF23BBD2289605700667B99 /* AlertError.swift */; };
		AAF23BC222896B1700667B99 /* PreferencesController.swift in Sources */ = {isa = PBXBuildFile; fileRef = AAF23BC122896B1700667B99 /* PreferencesController.swift */; };
/* End PBXBuildFile section */

/* Begin PBXFileReference section */
		AAF23B7E2285AF8100667B99 /* MovieNight.app */ = {isa = PBXFileReference; explicitFileType = wrapper.application; includeInIndex = 0; path = MovieNight.app; sourceTree = BUILT_PRODUCTS_DIR; };
		AAF23B812285AF8100667B99 /* AppDelegate.swift */ = {isa = PBXFileReference; lastKnownFileType = sourcecode.swift; path = AppDelegate.swift; sourceTree = "<group>"; };
		AAF23B832285AF8100667B99 /* ViewController.swift */ = {isa = PBXFileReference; lastKnownFileType = sourcecode.swift; path = ViewController.swift; sourceTree = "<group>"; };
		AAF23B862285AF8100667B99 /* Base */ = {isa = PBXFileReference; lastKnownFileType = file.storyboard; name = Base; path = Base.lproj/Main.storyboard; sourceTree = "<group>"; };
		AAF23B882285AF8100667B99 /* Assets.xcassets */ = {isa = PBXFileReference; lastKnownFileType = folder.assetcatalog; path = Assets.xcassets; sourceTree = "<group>"; };
		AAF23B8B2285AF8100667B99 /* Base */ = {isa = PBXFileReference; lastKnownFileType = file.storyboard; name = Base; path = Base.lproj/LaunchScreen.storyboard; sourceTree = "<group>"; };
		AAF23B8D2285AF8100667B99 /* Info.plist */ = {isa = PBXFileReference; lastKnownFileType = text.plist.xml; path = Info.plist; sourceTree = "<group>"; };
		AAF23B932285BE5600667B99 /* SelectParametersController.swift */ = {isa = PBXFileReference; lastKnownFileType = sourcecode.swift; path = SelectParametersController.swift; sourceTree = "<group>"; };
		AAF23B972285BF8700667B99 /* JSONDecodable.swift */ = {isa = PBXFileReference; lastKnownFileType = sourcecode.swift; path = JSONDecodable.swift; sourceTree = "<group>"; };
		AAF23B992285BFB200667B99 /* APIClient.swift */ = {isa = PBXFileReference; lastKnownFileType = sourcecode.swift; path = APIClient.swift; sourceTree = "<group>"; };
		AAF23B9B2285BFFD00667B99 /* Endpoint.swift */ = {isa = PBXFileReference; lastKnownFileType = sourcecode.swift; path = Endpoint.swift; sourceTree = "<group>"; };
		AAF23B9D2285C79C00667B99 /* ImdbClient.swift */ = {isa = PBXFileReference; lastKnownFileType = sourcecode.swift; path = ImdbClient.swift; sourceTree = "<group>"; };
		AAF23BA02285C8FC00667B99 /* Genre.swift */ = {isa = PBXFileReference; lastKnownFileType = sourcecode.swift; path = Genre.swift; sourceTree = "<group>"; };
		AAF23BA22285CA6400667B99 /* Result.swift */ = {isa = PBXFileReference; lastKnownFileType = sourcecode.swift; path = Result.swift; sourceTree = "<group>"; };
		AAF23BA52286936800667B99 /* SelectParametersDataSource.swift */ = {isa = PBXFileReference; lastKnownFileType = sourcecode.swift; path = SelectParametersDataSource.swift; sourceTree = "<group>"; };
		AAF23BA72286B6D100667B99 /* Certification.swift */ = {isa = PBXFileReference; lastKnownFileType = sourcecode.swift; path = Certification.swift; sourceTree = "<group>"; };
		AAF23BA92286BC5500667B99 /* Item.swift */ = {isa = PBXFileReference; lastKnownFileType = sourcecode.swift; path = Item.swift; sourceTree = "<group>"; };
		AAF23BAC2287F26C00667B99 /* Array+Extension.swift */ = {isa = PBXFileReference; lastKnownFileType = sourcecode.swift; path = "Array+Extension.swift"; sourceTree = "<group>"; };
		AAF23BAE2287F95A00667B99 /* Movie.swift */ = {isa = PBXFileReference; lastKnownFileType = sourcecode.swift; path = Movie.swift; sourceTree = "<group>"; };
		AAF23BB02288065600667B99 /* MovieListController.swift */ = {isa = PBXFileReference; lastKnownFileType = sourcecode.swift; path = MovieListController.swift; sourceTree = "<group>"; };
		AAF23BB22288068600667B99 /* MovieListDataSource.swift */ = {isa = PBXFileReference; lastKnownFileType = sourcecode.swift; path = MovieListDataSource.swift; sourceTree = "<group>"; };
		AAF23BB42288169A00667B99 /* PendingOperation.swift */ = {isa = PBXFileReference; lastKnownFileType = sourcecode.swift; path = PendingOperation.swift; sourceTree = "<group>"; };
		AAF23BB6228816E700667B99 /* PosterDownloader.swift */ = {isa = PBXFileReference; lastKnownFileType = sourcecode.swift; path = PosterDownloader.swift; sourceTree = "<group>"; };
		AAF23BB822881FBC00667B99 /* DetailMovieController.swift */ = {isa = PBXFileReference; lastKnownFileType = sourcecode.swift; path = DetailMovieController.swift; sourceTree = "<group>"; };
		AAF23BBA22883E2B00667B99 /* Actor.swift */ = {isa = PBXFileReference; lastKnownFileType = sourcecode.swift; path = Actor.swift; sourceTree = "<group>"; };
		AAF23BBD2289605700667B99 /* AlertError.swift */ = {isa = PBXFileReference; lastKnownFileType = sourcecode.swift; path = AlertError.swift; sourceTree = "<group>"; };
		AAF23BC122896B1700667B99 /* PreferencesController.swift */ = {isa = PBXFileReference; lastKnownFileType = sourcecode.swift; path = PreferencesController.swift; sourceTree = "<group>"; };
/* End PBXFileReference section */

/* Begin PBXFrameworksBuildPhase section */
		AAF23B7B2285AF8100667B99 /* Frameworks */ = {
			isa = PBXFrameworksBuildPhase;
			buildActionMask = 2147483647;
			files = (
			);
			runOnlyForDeploymentPostprocessing = 0;
		};
/* End PBXFrameworksBuildPhase section */

/* Begin PBXGroup section */
		AAF23B752285AF8100667B99 = {
			isa = PBXGroup;
			children = (
				AAF23B802285AF8100667B99 /* MovieNight */,
				AAF23B7F2285AF8100667B99 /* Products */,
			);
			sourceTree = "<group>";
		};
		AAF23B7F2285AF8100667B99 /* Products */ = {
			isa = PBXGroup;
			children = (
				AAF23B7E2285AF8100667B99 /* MovieNight.app */,
			);
			name = Products;
			sourceTree = "<group>";
		};
		AAF23B802285AF8100667B99 /* MovieNight */ = {
			isa = PBXGroup;
			children = (
				AAF23BBC2289603700667B99 /* Error Management */,
				AAF23BAB2287F24400667B99 /* Extensions */,
				AAF23BA42286934600667B99 /* Data Sources */,
				AAF23B9F2285C8EB00667B99 /* Models */,
				AAF23B962285BF5B00667B99 /* Networking */,
				AAF23B952285BEC200667B99 /* Controllers */,
				AAF23B812285AF8100667B99 /* AppDelegate.swift */,
				AAF23B852285AF8100667B99 /* Main.storyboard */,
				AAF23B882285AF8100667B99 /* Assets.xcassets */,
				AAF23B8A2285AF8100667B99 /* LaunchScreen.storyboard */,
				AAF23B8D2285AF8100667B99 /* Info.plist */,
			);
			path = MovieNight;
			sourceTree = "<group>";
		};
		AAF23B952285BEC200667B99 /* Controllers */ = {
			isa = PBXGroup;
			children = (
				AAF23B832285AF8100667B99 /* ViewController.swift */,
				AAF23B932285BE5600667B99 /* SelectParametersController.swift */,
				AAF23BB02288065600667B99 /* MovieListController.swift */,
				AAF23BB822881FBC00667B99 /* DetailMovieController.swift */,
				AAF23BC122896B1700667B99 /* PreferencesController.swift */,
			);
			path = Controllers;
			sourceTree = "<group>";
		};
		AAF23B962285BF5B00667B99 /* Networking */ = {
			isa = PBXGroup;
			children = (
				AAF23B972285BF8700667B99 /* JSONDecodable.swift */,
				AAF23B992285BFB200667B99 /* APIClient.swift */,
				AAF23B9B2285BFFD00667B99 /* Endpoint.swift */,
				AAF23B9D2285C79C00667B99 /* ImdbClient.swift */,
				AAF23BA22285CA6400667B99 /* Result.swift */,
				AAF23BB42288169A00667B99 /* PendingOperation.swift */,
				AAF23BB6228816E700667B99 /* PosterDownloader.swift */,
			);
			path = Networking;
			sourceTree = "<group>";
		};
		AAF23B9F2285C8EB00667B99 /* Models */ = {
			isa = PBXGroup;
			children = (
				AAF23BA02285C8FC00667B99 /* Genre.swift */,
				AAF23BA72286B6D100667B99 /* Certification.swift */,
				AAF23BA92286BC5500667B99 /* Item.swift */,
				AAF23BAE2287F95A00667B99 /* Movie.swift */,
				AAF23BBA22883E2B00667B99 /* Actor.swift */,
			);
			path = Models;
			sourceTree = "<group>";
		};
		AAF23BA42286934600667B99 /* Data Sources */ = {
			isa = PBXGroup;
			children = (
				AAF23BA52286936800667B99 /* SelectParametersDataSource.swift */,
				AAF23BB22288068600667B99 /* MovieListDataSource.swift */,
			);
			path = "Data Sources";
			sourceTree = "<group>";
		};
		AAF23BAB2287F24400667B99 /* Extensions */ = {
			isa = PBXGroup;
			children = (
				AAF23BAC2287F26C00667B99 /* Array+Extension.swift */,
			);
			path = Extensions;
			sourceTree = "<group>";
		};
		AAF23BBC2289603700667B99 /* Error Management */ = {
			isa = PBXGroup;
			children = (
				AAF23BBD2289605700667B99 /* AlertError.swift */,
			);
			path = "Error Management";
			sourceTree = "<group>";
		};
/* End PBXGroup section */

/* Begin PBXNativeTarget section */
		AAF23B7D2285AF8100667B99 /* MovieNight */ = {
			isa = PBXNativeTarget;
			buildConfigurationList = AAF23B902285AF8100667B99 /* Build configuration list for PBXNativeTarget "MovieNight" */;
			buildPhases = (
				AAF23B7A2285AF8100667B99 /* Sources */,
				AAF23B7B2285AF8100667B99 /* Frameworks */,
				AAF23B7C2285AF8100667B99 /* Resources */,
			);
			buildRules = (
			);
			dependencies = (
			);
			name = MovieNight;
			productName = MovieNight;
			productReference = AAF23B7E2285AF8100667B99 /* MovieNight.app */;
			productType = "com.apple.product-type.application";
		};
/* End PBXNativeTarget section */

/* Begin PBXProject section */
		AAF23B762285AF8100667B99 /* Project object */ = {
			isa = PBXProject;
			attributes = {
				LastSwiftUpdateCheck = 1020;
				LastUpgradeCheck = 1020;
				ORGANIZATIONNAME = davidlaiymani;
				TargetAttributes = {
					AAF23B7D2285AF8100667B99 = {
						CreatedOnToolsVersion = 10.2.1;
					};
				};
			};
			buildConfigurationList = AAF23B792285AF8100667B99 /* Build configuration list for PBXProject "MovieNight" */;
			compatibilityVersion = "Xcode 9.3";
			developmentRegion = en;
			hasScannedForEncodings = 0;
			knownRegions = (
				en,
				Base,
			);
			mainGroup = AAF23B752285AF8100667B99;
			productRefGroup = AAF23B7F2285AF8100667B99 /* Products */;
			projectDirPath = "";
			projectRoot = "";
			targets = (
				AAF23B7D2285AF8100667B99 /* MovieNight */,
			);
		};
/* End PBXProject section */

/* Begin PBXResourcesBuildPhase section */
		AAF23B7C2285AF8100667B99 /* Resources */ = {
			isa = PBXResourcesBuildPhase;
			buildActionMask = 2147483647;
			files = (
				AAF23B8C2285AF8100667B99 /* LaunchScreen.storyboard in Resources */,
				AAF23B892285AF8100667B99 /* Assets.xcassets in Resources */,
				AAF23B872285AF8100667B99 /* Main.storyboard in Resources */,
			);
			runOnlyForDeploymentPostprocessing = 0;
		};
/* End PBXResourcesBuildPhase section */

/* Begin PBXSourcesBuildPhase section */
		AAF23B7A2285AF8100667B99 /* Sources */ = {
			isa = PBXSourcesBuildPhase;
			buildActionMask = 2147483647;
			files = (
				AAF23BAF2287F95A00667B99 /* Movie.swift in Sources */,
				AAF23BA32285CA6400667B99 /* Result.swift in Sources */,
				AAF23BBE2289605700667B99 /* AlertError.swift in Sources */,
				AAF23B842285AF8100667B99 /* ViewController.swift in Sources */,
				AAF23BA62286936800667B99 /* SelectParametersDataSource.swift in Sources */,
				AAF23B822285AF8100667B99 /* AppDelegate.swift in Sources */,
				AAF23BAA2286BC5500667B99 /* Item.swift in Sources */,
				AAF23BA82286B6D100667B99 /* Certification.swift in Sources */,
				AAF23B9E2285C79C00667B99 /* ImdbClient.swift in Sources */,
				AAF23B942285BE5600667B99 /* SelectParametersController.swift in Sources */,
				AAF23B9A2285BFB200667B99 /* APIClient.swift in Sources */,
				AAF23BB922881FBC00667B99 /* DetailMovieController.swift in Sources */,
				AAF23B9C2285BFFD00667B99 /* Endpoint.swift in Sources */,
				AAF23B982285BF8700667B99 /* JSONDecodable.swift in Sources */,
				AAF23BC222896B1700667B99 /* PreferencesController.swift in Sources */,
				AAF23BAD2287F26C00667B99 /* Array+Extension.swift in Sources */,
				AAF23BB52288169A00667B99 /* PendingOperation.swift in Sources */,
				AAF23BB12288065600667B99 /* MovieListController.swift in Sources */,
				AAF23BB7228816E700667B99 /* PosterDownloader.swift in Sources */,
				AAF23BA12285C8FC00667B99 /* Genre.swift in Sources */,
				AAF23BB32288068600667B99 /* MovieListDataSource.swift in Sources */,
				AAF23BBB22883E2B00667B99 /* Actor.swift in Sources */,
			);
			runOnlyForDeploymentPostprocessing = 0;
		};
/* End PBXSourcesBuildPhase section */

/* Begin PBXVariantGroup section */
		AAF23B852285AF8100667B99 /* Main.storyboard */ = {
			isa = PBXVariantGroup;
			children = (
				AAF23B862285AF8100667B99 /* Base */,
			);
			name = Main.storyboard;
			sourceTree = "<group>";
		};
		AAF23B8A2285AF8100667B99 /* LaunchScreen.storyboard */ = {
			isa = PBXVariantGroup;
			children = (
				AAF23B8B2285AF8100667B99 /* Base */,
			);
			name = LaunchScreen.storyboard;
			sourceTree = "<group>";
		};
/* End PBXVariantGroup section */

/* Begin XCBuildConfiguration section */
		AAF23B8E2285AF8100667B99 /* Debug */ = {
			isa = XCBuildConfiguration;
			buildSettings = {
				ALWAYS_SEARCH_USER_PATHS = NO;
				CLANG_ANALYZER_NONNULL = YES;
				CLANG_ANALYZER_NUMBER_OBJECT_CONVERSION = YES_AGGRESSIVE;
				CLANG_CXX_LANGUAGE_STANDARD = "gnu++14";
				CLANG_CXX_LIBRARY = "libc++";
				CLANG_ENABLE_MODULES = YES;
				CLANG_ENABLE_OBJC_ARC = YES;
				CLANG_ENABLE_OBJC_WEAK = YES;
				CLANG_WARN_BLOCK_CAPTURE_AUTORELEASING = YES;
				CLANG_WARN_BOOL_CONVERSION = YES;
				CLANG_WARN_COMMA = YES;
				CLANG_WARN_CONSTANT_CONVERSION = YES;
				CLANG_WARN_DEPRECATED_OBJC_IMPLEMENTATIONS = YES;
				CLANG_WARN_DIRECT_OBJC_ISA_USAGE = YES_ERROR;
				CLANG_WARN_DOCUMENTATION_COMMENTS = YES;
				CLANG_WARN_EMPTY_BODY = YES;
				CLANG_WARN_ENUM_CONVERSION = YES;
				CLANG_WARN_INFINITE_RECURSION = YES;
				CLANG_WARN_INT_CONVERSION = YES;
				CLANG_WARN_NON_LITERAL_NULL_CONVERSION = YES;
				CLANG_WARN_OBJC_IMPLICIT_RETAIN_SELF = YES;
				CLANG_WARN_OBJC_LITERAL_CONVERSION = YES;
				CLANG_WARN_OBJC_ROOT_CLASS = YES_ERROR;
				CLANG_WARN_RANGE_LOOP_ANALYSIS = YES;
				CLANG_WARN_STRICT_PROTOTYPES = YES;
				CLANG_WARN_SUSPICIOUS_MOVE = YES;
				CLANG_WARN_UNGUARDED_AVAILABILITY = YES_AGGRESSIVE;
				CLANG_WARN_UNREACHABLE_CODE = YES;
				CLANG_WARN__DUPLICATE_METHOD_MATCH = YES;
				CODE_SIGN_IDENTITY = "iPhone Developer";
				COPY_PHASE_STRIP = NO;
				DEBUG_INFORMATION_FORMAT = dwarf;
				ENABLE_STRICT_OBJC_MSGSEND = YES;
				ENABLE_TESTABILITY = YES;
				GCC_C_LANGUAGE_STANDARD = gnu11;
				GCC_DYNAMIC_NO_PIC = NO;
				GCC_NO_COMMON_BLOCKS = YES;
				GCC_OPTIMIZATION_LEVEL = 0;
				GCC_PREPROCESSOR_DEFINITIONS = (
					"DEBUG=1",
					"$(inherited)",
				);
				GCC_WARN_64_TO_32_BIT_CONVERSION = YES;
				GCC_WARN_ABOUT_RETURN_TYPE = YES_ERROR;
				GCC_WARN_UNDECLARED_SELECTOR = YES;
				GCC_WARN_UNINITIALIZED_AUTOS = YES_AGGRESSIVE;
				GCC_WARN_UNUSED_FUNCTION = YES;
				GCC_WARN_UNUSED_VARIABLE = YES;
				IPHONEOS_DEPLOYMENT_TARGET = 12.2;
				MTL_ENABLE_DEBUG_INFO = INCLUDE_SOURCE;
				MTL_FAST_MATH = YES;
				ONLY_ACTIVE_ARCH = YES;
				SDKROOT = iphoneos;
				SWIFT_ACTIVE_COMPILATION_CONDITIONS = DEBUG;
				SWIFT_OPTIMIZATION_LEVEL = "-Onone";
			};
			name = Debug;
		};
		AAF23B8F2285AF8100667B99 /* Release */ = {
			isa = XCBuildConfiguration;
			buildSettings = {
				ALWAYS_SEARCH_USER_PATHS = NO;
				CLANG_ANALYZER_NONNULL = YES;
				CLANG_ANALYZER_NUMBER_OBJECT_CONVERSION = YES_AGGRESSIVE;
				CLANG_CXX_LANGUAGE_STANDARD = "gnu++14";
				CLANG_CXX_LIBRARY = "libc++";
				CLANG_ENABLE_MODULES = YES;
				CLANG_ENABLE_OBJC_ARC = YES;
				CLANG_ENABLE_OBJC_WEAK = YES;
				CLANG_WARN_BLOCK_CAPTURE_AUTORELEASING = YES;
				CLANG_WARN_BOOL_CONVERSION = YES;
				CLANG_WARN_COMMA = YES;
				CLANG_WARN_CONSTANT_CONVERSION = YES;
				CLANG_WARN_DEPRECATED_OBJC_IMPLEMENTATIONS = YES;
				CLANG_WARN_DIRECT_OBJC_ISA_USAGE = YES_ERROR;
				CLANG_WARN_DOCUMENTATION_COMMENTS = YES;
				CLANG_WARN_EMPTY_BODY = YES;
				CLANG_WARN_ENUM_CONVERSION = YES;
				CLANG_WARN_INFINITE_RECURSION = YES;
				CLANG_WARN_INT_CONVERSION = YES;
				CLANG_WARN_NON_LITERAL_NULL_CONVERSION = YES;
				CLANG_WARN_OBJC_IMPLICIT_RETAIN_SELF = YES;
				CLANG_WARN_OBJC_LITERAL_CONVERSION = YES;
				CLANG_WARN_OBJC_ROOT_CLASS = YES_ERROR;
				CLANG_WARN_RANGE_LOOP_ANALYSIS = YES;
				CLANG_WARN_STRICT_PROTOTYPES = YES;
				CLANG_WARN_SUSPICIOUS_MOVE = YES;
				CLANG_WARN_UNGUARDED_AVAILABILITY = YES_AGGRESSIVE;
				CLANG_WARN_UNREACHABLE_CODE = YES;
				CLANG_WARN__DUPLICATE_METHOD_MATCH = YES;
				CODE_SIGN_IDENTITY = "iPhone Developer";
				COPY_PHASE_STRIP = NO;
				DEBUG_INFORMATION_FORMAT = "dwarf-with-dsym";
				ENABLE_NS_ASSERTIONS = NO;
				ENABLE_STRICT_OBJC_MSGSEND = YES;
				GCC_C_LANGUAGE_STANDARD = gnu11;
				GCC_NO_COMMON_BLOCKS = YES;
				GCC_WARN_64_TO_32_BIT_CONVERSION = YES;
				GCC_WARN_ABOUT_RETURN_TYPE = YES_ERROR;
				GCC_WARN_UNDECLARED_SELECTOR = YES;
				GCC_WARN_UNINITIALIZED_AUTOS = YES_AGGRESSIVE;
				GCC_WARN_UNUSED_FUNCTION = YES;
				GCC_WARN_UNUSED_VARIABLE = YES;
				IPHONEOS_DEPLOYMENT_TARGET = 12.2;
				MTL_ENABLE_DEBUG_INFO = NO;
				MTL_FAST_MATH = YES;
				SDKROOT = iphoneos;
				SWIFT_COMPILATION_MODE = wholemodule;
				SWIFT_OPTIMIZATION_LEVEL = "-O";
				VALIDATE_PRODUCT = YES;
			};
			name = Release;
		};
		AAF23B912285AF8100667B99 /* Debug */ = {
			isa = XCBuildConfiguration;
			buildSettings = {
				ASSETCATALOG_COMPILER_APPICON_NAME = AppIcon;
				CODE_SIGN_STYLE = Automatic;
				DEVELOPMENT_TEAM = BCB2U5N8E6;
				INFOPLIST_FILE = MovieNight/Info.plist;
				LD_RUNPATH_SEARCH_PATHS = (
					"$(inherited)",
					"@executable_path/Frameworks",
				);
				PRODUCT_BUNDLE_IDENTIFIER = "fr.univ-fcomte.courspart.MovieNight";
				PRODUCT_NAME = "$(TARGET_NAME)";
				SWIFT_VERSION = 5.0;
				TARGETED_DEVICE_FAMILY = "1,2";
			};
			name = Debug;
		};
		AAF23B922285AF8100667B99 /* Release */ = {
			isa = XCBuildConfiguration;
			buildSettings = {
				ASSETCATALOG_COMPILER_APPICON_NAME = AppIcon;
				CODE_SIGN_STYLE = Automatic;
				DEVELOPMENT_TEAM = BCB2U5N8E6;
				INFOPLIST_FILE = MovieNight/Info.plist;
				LD_RUNPATH_SEARCH_PATHS = (
					"$(inherited)",
					"@executable_path/Frameworks",
				);
				PRODUCT_BUNDLE_IDENTIFIER = "fr.univ-fcomte.courspart.MovieNight";
				PRODUCT_NAME = "$(TARGET_NAME)";
				SWIFT_VERSION = 5.0;
				TARGETED_DEVICE_FAMILY = "1,2";
			};
			name = Release;
		};
/* End XCBuildConfiguration section */

/* Begin XCConfigurationList section */
		AAF23B792285AF8100667B99 /* Build configuration list for PBXProject "MovieNight" */ = {
			isa = XCConfigurationList;
			buildConfigurations = (
				AAF23B8E2285AF8100667B99 /* Debug */,
				AAF23B8F2285AF8100667B99 /* Release */,
			);
			defaultConfigurationIsVisible = 0;
			defaultConfigurationName = Release;
		};
		AAF23B902285AF8100667B99 /* Build configuration list for PBXNativeTarget "MovieNight" */ = {
			isa = XCConfigurationList;
			buildConfigurations = (
				AAF23B912285AF8100667B99 /* Debug */,
				AAF23B922285AF8100667B99 /* Release */,
			);
			defaultConfigurationIsVisible = 0;
			defaultConfigurationName = Release;
		};
/* End XCConfigurationList section */
	};
	rootObject = AAF23B762285AF8100667B99 /* Project object */;
}
